
Microsoft Visual Studio Solution File, Format Version 12.00
# Visual Studio 15
VisualStudioVersion = 15.0.28218.60
MinimumVisualStudioVersion = 10.0.40219.1
Project("{9A19103F-16F7-4668-BE54-9A1E7A4F7556}") = "CouponReader.Core.Common", "CouponReader.Core.Common\CouponReader.Core.Common.csproj", "{9F3D84C1-E358-438F-819C-C2A3AFD41030}"
EndProject
Project("{2150E333-8FDC-42A3-9474-1A3956D46DE8}") = "Launcher", "Launcher", "{DD125513-DF42-4DD4-9C07-036876AE7B24}"
EndProject
Project("{9A19103F-16F7-4668-BE54-9A1E7A4F7556}") = "CouponReader.Core.Wpf", "CouponReader.Core.Wpf\CouponReader.Core.Wpf.csproj", "{D2E413E8-2EFB-40A2-A511-46935407CDB3}"
EndProject
Project("{9A19103F-16F7-4668-BE54-9A1E7A4F7556}") = "CouponReader.Core.WindowsForms", "CouponReader.Core.Forms\CouponReader.Core.WindowsForms.csproj", "{3262A04F-5890-426D-93BE-28AEF9C097CA}"
EndProject
Project("{9A19103F-16F7-4668-BE54-9A1E7A4F7556}") = "CouponReader.Wpf.Core.Module", "CouponReader.Wpf.Core.Module\CouponReader.Wpf.Core.Module.csproj", "{4C23E5D4-2249-4962-BF27-50370147BB65}"
EndProject
Project("{2150E333-8FDC-42A3-9474-1A3956D46DE8}") = "Shared", "Shared", "{5CF01A23-DBCD-47EF-B6AC-F40205850600}"
EndProject
Project("{2150E333-8FDC-42A3-9474-1A3956D46DE8}") = "Solution Items", "Solution Items", "{DB738021-55D5-4008-96D7-0A0ADA0D557F}"
	ProjectSection(SolutionItems) = preProject
		Directory.Build.props = Directory.Build.props
		NuGet.config = NuGet.config
	EndProjectSection
EndProject
Project("{2150E333-8FDC-42A3-9474-1A3956D46DE8}") = "Tests", "Tests", "{761D5854-6F19-4097-B0A9-B66F2CB26F45}"
EndProject
Project("{FAE04EC0-301F-11D3-BF4B-00C04F79EFBC}") = "CouponReader.Tests", "CouponReader.Tests\CouponReader.Tests.csproj", "{F0088704-5DB1-493C-A50C-0E180C4718D0}"
EndProject
Global
	GlobalSection(SolutionConfigurationPlatforms) = preSolution
		Debug|Any CPU = Debug|Any CPU
		Release|Any CPU = Release|Any CPU
	EndGlobalSection
	GlobalSection(ProjectConfigurationPlatforms) = postSolution
		{9F3D84C1-E358-438F-819C-C2A3AFD41030}.Debug|Any CPU.ActiveCfg = Debug|Any CPU
		{9F3D84C1-E358-438F-819C-C2A3AFD41030}.Debug|Any CPU.Build.0 = Debug|Any CPU
		{9F3D84C1-E358-438F-819C-C2A3AFD41030}.Release|Any CPU.ActiveCfg = Release|Any CPU
		{9F3D84C1-E358-438F-819C-C2A3AFD41030}.Release|Any CPU.Build.0 = Release|Any CPU
		{D2E413E8-2EFB-40A2-A511-46935407CDB3}.Debug|Any CPU.ActiveCfg = Debug|Any CPU
		{D2E413E8-2EFB-40A2-A511-46935407CDB3}.Debug|Any CPU.Build.0 = Debug|Any CPU
		{D2E413E8-2EFB-40A2-A511-46935407CDB3}.Release|Any CPU.ActiveCfg = Release|Any CPU
		{D2E413E8-2EFB-40A2-A511-46935407CDB3}.Release|Any CPU.Build.0 = Release|Any CPU
		{3262A04F-5890-426D-93BE-28AEF9C097CA}.Debug|Any CPU.ActiveCfg = Debug|Any CPU
		{3262A04F-5890-426D-93BE-28AEF9C097CA}.Debug|Any CPU.Build.0 = Debug|Any CPU
		{3262A04F-5890-426D-93BE-28AEF9C097CA}.Release|Any CPU.ActiveCfg = Release|Any CPU
		{3262A04F-5890-426D-93BE-28AEF9C097CA}.Release|Any CPU.Build.0 = Release|Any CPU
		{4C23E5D4-2249-4962-BF27-50370147BB65}.Debug|Any CPU.ActiveCfg = Debug|Any CPU
		{4C23E5D4-2249-4962-BF27-50370147BB65}.Debug|Any CPU.Build.0 = Debug|Any CPU
		{4C23E5D4-2249-4962-BF27-50370147BB65}.Release|Any CPU.ActiveCfg = Release|Any CPU
		{4C23E5D4-2249-4962-BF27-50370147BB65}.Release|Any CPU.Build.0 = Release|Any CPU
		{F0088704-5DB1-493C-A50C-0E180C4718D0}.Debug|Any CPU.ActiveCfg = Debug|Any CPU
		{F0088704-5DB1-493C-A50C-0E180C4718D0}.Debug|Any CPU.Build.0 = Debug|Any CPU
		{F0088704-5DB1-493C-A50C-0E180C4718D0}.Release|Any CPU.ActiveCfg = Release|Any CPU
		{F0088704-5DB1-493C-A50C-0E180C4718D0}.Release|Any CPU.Build.0 = Release|Any CPU
	EndGlobalSection
	GlobalSection(SolutionProperties) = preSolution
		HideSolutionNode = FALSE
	EndGlobalSection
	GlobalSection(NestedProjects) = preSolution
		{9F3D84C1-E358-438F-819C-C2A3AFD41030} = {5CF01A23-DBCD-47EF-B6AC-F40205850600}
		{D2E413E8-2EFB-40A2-A511-46935407CDB3} = {DD125513-DF42-4DD4-9C07-036876AE7B24}
		{3262A04F-5890-426D-93BE-28AEF9C097CA} = {DD125513-DF42-4DD4-9C07-036876AE7B24}
		{4C23E5D4-2249-4962-BF27-50370147BB65} = {DD125513-DF42-4DD4-9C07-036876AE7B24}
		{F0088704-5DB1-493C-A50C-0E180C4718D0} = {761D5854-6F19-4097-B0A9-B66F2CB26F45}
	EndGlobalSection
	GlobalSection(ExtensibilityGlobals) = postSolution
		SolutionGuid = {264B945D-0967-4D4D-B7F5-C5A8650582D0}
	EndGlobalSection
EndGlobal
